
Microsoft Visual Studio Solution File, Format Version 12.00
# Visual Studio Version 17
VisualStudioVersion = 17.5.33502.453
MinimumVisualStudioVersion = 10.0.40219.1
Project("{FAE04EC0-301F-11D3-BF4B-00C04F79EFBC}") = "Hands_On", "Hands_On.csproj", "{AAF9C4E5-74A1-4EE6-88D3-F26ABA475093}"
EndProject
Project("{FAE04EC0-301F-11D3-BF4B-00C04F79EFBC}") = "Hands_OnTests", "..\Hands_OnTests\Hands_OnTests.csproj", "{09734292-F48A-47DD-88F7-F7E5F2E97727}"
EndProject
Global
	GlobalSection(SolutionConfigurationPlatforms) = preSolution
		Debug|Any CPU = Debug|Any CPU
		Release|Any CPU = Release|Any CPU
	EndGlobalSection
	GlobalSection(ProjectConfigurationPlatforms) = postSolution
		{AAF9C4E5-74A1-4EE6-88D3-F26ABA475093}.Debug|Any CPU.ActiveCfg = Debug|Any CPU
		{AAF9C4E5-74A1-4EE6-88D3-F26ABA475093}.Debug|Any CPU.Build.0 = Debug|Any CPU
		{AAF9C4E5-74A1-4EE6-88D3-F26ABA475093}.Release|Any CPU.ActiveCfg = Release|Any CPU
		{AAF9C4E5-74A1-4EE6-88D3-F26ABA475093}.Release|Any CPU.Build.0 = Release|Any CPU
		{09734292-F48A-47DD-88F7-F7E5F2E97727}.Debug|Any CPU.ActiveCfg = Debug|Any CPU
		{09734292-F48A-47DD-88F7-F7E5F2E97727}.Debug|Any CPU.Build.0 = Debug|Any CPU
		{09734292-F48A-47DD-88F7-F7E5F2E97727}.Release|Any CPU.ActiveCfg = Release|Any CPU
		{09734292-F48A-47DD-88F7-F7E5F2E97727}.Release|Any CPU.Build.0 = Release|Any CPU
	EndGlobalSection
	GlobalSection(SolutionProperties) = preSolution
		HideSolutionNode = FALSE
	EndGlobalSection
	GlobalSection(ExtensibilityGlobals) = postSolution
		SolutionGuid = {483679DD-139A-4660-9355-8A55C58F3E8B}
	EndGlobalSection
EndGlobal
